
Microsoft Visual Studio Solution File, Format Version 12.00
# Visual Studio Version 17
VisualStudioVersion = 17.11.35327.3
MinimumVisualStudioVersion = 10.0.40219.1
Project("{FAE04EC0-301F-11D3-BF4B-00C04F79EFBC}") = "OrderApi.Domain", "OrderApi.Domain\OrderApi.Domain.csproj", "{4801119F-3315-4D89-8D16-579F3D21F275}"
EndProject
Project("{FAE04EC0-301F-11D3-BF4B-00C04F79EFBC}") = "OrderApi.Application", "OrderApi.Application\OrderApi.Application.csproj", "{28AD42E3-6755-4501-8FCA-D0D7D004239C}"
EndProject
Project("{FAE04EC0-301F-11D3-BF4B-00C04F79EFBC}") = "OrderApi.Infrastructure", "OrderApi.Infrastructure\OrderApi.Infrastructure.csproj", "{641E6EC5-6B47-4AE4-9818-4B6B9B7FE72F}"
EndProject
Project("{FAE04EC0-301F-11D3-BF4B-00C04F79EFBC}") = "OrderApi.Presentation", "OrderApi.Presentation\OrderApi.Presentation.csproj", "{E17562B2-E7EF-4AA2-A246-C3EEDEC13062}"
EndProject
Project("{9A19103F-16F7-4668-BE54-9A1E7A4F7556}") = "eCommerce.SharedLibrary", "..\Demo_Ecommerce\eCommerce.SharedLibrary\eCommerce.SharedLibrary.csproj", "{CD9AB6DD-3C93-4AE4-BB6E-644BF6CE6D89}"
EndProject
Global
	GlobalSection(SolutionConfigurationPlatforms) = preSolution
		Debug|Any CPU = Debug|Any CPU
		Release|Any CPU = Release|Any CPU
	EndGlobalSection
	GlobalSection(ProjectConfigurationPlatforms) = postSolution
		{4801119F-3315-4D89-8D16-579F3D21F275}.Debug|Any CPU.ActiveCfg = Debug|Any CPU
		{4801119F-3315-4D89-8D16-579F3D21F275}.Debug|Any CPU.Build.0 = Debug|Any CPU
		{4801119F-3315-4D89-8D16-579F3D21F275}.Release|Any CPU.ActiveCfg = Release|Any CPU
		{4801119F-3315-4D89-8D16-579F3D21F275}.Release|Any CPU.Build.0 = Release|Any CPU
		{28AD42E3-6755-4501-8FCA-D0D7D004239C}.Debug|Any CPU.ActiveCfg = Debug|Any CPU
		{28AD42E3-6755-4501-8FCA-D0D7D004239C}.Debug|Any CPU.Build.0 = Debug|Any CPU
		{28AD42E3-6755-4501-8FCA-D0D7D004239C}.Release|Any CPU.ActiveCfg = Release|Any CPU
		{28AD42E3-6755-4501-8FCA-D0D7D004239C}.Release|Any CPU.Build.0 = Release|Any CPU
		{641E6EC5-6B47-4AE4-9818-4B6B9B7FE72F}.Debug|Any CPU.ActiveCfg = Debug|Any CPU
		{641E6EC5-6B47-4AE4-9818-4B6B9B7FE72F}.Debug|Any CPU.Build.0 = Debug|Any CPU
		{641E6EC5-6B47-4AE4-9818-4B6B9B7FE72F}.Release|Any CPU.ActiveCfg = Release|Any CPU
		{641E6EC5-6B47-4AE4-9818-4B6B9B7FE72F}.Release|Any CPU.Build.0 = Release|Any CPU
		{E17562B2-E7EF-4AA2-A246-C3EEDEC13062}.Debug|Any CPU.ActiveCfg = Debug|Any CPU
		{E17562B2-E7EF-4AA2-A246-C3EEDEC13062}.Debug|Any CPU.Build.0 = Debug|Any CPU
		{E17562B2-E7EF-4AA2-A246-C3EEDEC13062}.Release|Any CPU.ActiveCfg = Release|Any CPU
		{E17562B2-E7EF-4AA2-A246-C3EEDEC13062}.Release|Any CPU.Build.0 = Release|Any CPU
		{CD9AB6DD-3C93-4AE4-BB6E-644BF6CE6D89}.Debug|Any CPU.ActiveCfg = Debug|Any CPU
		{CD9AB6DD-3C93-4AE4-BB6E-644BF6CE6D89}.Debug|Any CPU.Build.0 = Debug|Any CPU
		{CD9AB6DD-3C93-4AE4-BB6E-644BF6CE6D89}.Release|Any CPU.ActiveCfg = Release|Any CPU
		{CD9AB6DD-3C93-4AE4-BB6E-644BF6CE6D89}.Release|Any CPU.Build.0 = Release|Any CPU
	EndGlobalSection
	GlobalSection(SolutionProperties) = preSolution
		HideSolutionNode = FALSE
	EndGlobalSection
	GlobalSection(ExtensibilityGlobals) = postSolution
		SolutionGuid = {24C4DF50-C6FD-4205-B3C6-501A532BB7B7}
	EndGlobalSection
EndGlobal
